
Microsoft Visual Studio Solution File, Format Version 12.00
# Visual Studio Version 16
VisualStudioVersion = 16.0.30309.148
MinimumVisualStudioVersion = 10.0.40219.1
Project("{FAE04EC0-301F-11D3-BF4B-00C04F79EFBC}") = "part 4", "part 4\part 4.csproj", "{1F942BF7-4937-473B-87AF-EACCBC022D45}"
EndProject
Global
	GlobalSection(SolutionConfigurationPlatforms) = preSolution
		Debug|Any CPU = Debug|Any CPU
		Release|Any CPU = Release|Any CPU
	EndGlobalSection
	GlobalSection(ProjectConfigurationPlatforms) = postSolution
		{1F942BF7-4937-473B-87AF-EACCBC022D45}.Debug|Any CPU.ActiveCfg = Debug|Any CPU
		{1F942BF7-4937-473B-87AF-EACCBC022D45}.Debug|Any CPU.Build.0 = Debug|Any CPU
		{1F942BF7-4937-473B-87AF-EACCBC022D45}.Release|Any CPU.ActiveCfg = Release|Any CPU
		{1F942BF7-4937-473B-87AF-EACCBC022D45}.Release|Any CPU.Build.0 = Release|Any CPU
	EndGlobalSection
	GlobalSection(SolutionProperties) = preSolution
		HideSolutionNode = FALSE
	EndGlobalSection
	GlobalSection(ExtensibilityGlobals) = postSolution
		SolutionGuid = {9A526B49-FC3F-4EA0-A28D-6FD6439982F8}
	EndGlobalSection
EndGlobal
